// !$*UTF8*$!
{
	archiveVersion = 1;
	classes = {
	};
	objectVersion = 48;
	objects = {

/* Begin PBXBuildFile section */
		07F1A1303CDCB643497B9ADD /* Pods_GM_Integration.framework in Frameworks */ = {isa = PBXBuildFile; fileRef = 072BDB68CAF430E808081579 /* Pods_GM_Integration.framework */; };
		9DE7238020CBDFC700D0FEE1 /* AppDelegate.swift in Sources */ = {isa = PBXBuildFile; fileRef = 9DE7237F20CBDFC700D0FEE1 /* AppDelegate.swift */; };
		9DE7238520CBDFC700D0FEE1 /* Main.storyboard in Resources */ = {isa = PBXBuildFile; fileRef = 9DE7238320CBDFC700D0FEE1 /* Main.storyboard */; };
		9DE7238820CBDFC800D0FEE1 /* GM_Integration.xcdatamodeld in Sources */ = {isa = PBXBuildFile; fileRef = 9DE7238620CBDFC700D0FEE1 /* GM_Integration.xcdatamodeld */; };
		9DE7238A20CBDFC800D0FEE1 /* Assets.xcassets in Resources */ = {isa = PBXBuildFile; fileRef = 9DE7238920CBDFC800D0FEE1 /* Assets.xcassets */; };
		9DE7238D20CBDFC800D0FEE1 /* LaunchScreen.storyboard in Resources */ = {isa = PBXBuildFile; fileRef = 9DE7238B20CBDFC800D0FEE1 /* LaunchScreen.storyboard */; };
		9DE7239920CBE0C500D0FEE1 /* MapVC.swift in Sources */ = {isa = PBXBuildFile; fileRef = 9DE7239820CBE0C500D0FEE1 /* MapVC.swift */; };
/* End PBXBuildFile section */

/* Begin PBXCopyFilesBuildPhase section */
		9DE7239720CBE0AC00D0FEE1 /* Embed Frameworks */ = {
			isa = PBXCopyFilesBuildPhase;
			buildActionMask = 2147483647;
			dstPath = "";
			dstSubfolderSpec = 10;
			files = (
			);
			name = "Embed Frameworks";
			runOnlyForDeploymentPostprocessing = 0;
		};
/* End PBXCopyFilesBuildPhase section */

/* Begin PBXFileReference section */
		072BDB68CAF430E808081579 /* Pods_GM_Integration.framework */ = {isa = PBXFileReference; explicitFileType = wrapper.framework; includeInIndex = 0; path = Pods_GM_Integration.framework; sourceTree = BUILT_PRODUCTS_DIR; };
		6C687F21462DDD2CAEA1CC80 /* Pods-GM Integration.release.xcconfig */ = {isa = PBXFileReference; includeInIndex = 1; lastKnownFileType = text.xcconfig; name = "Pods-GM Integration.release.xcconfig"; path = "Pods/Target Support Files/Pods-GM Integration/Pods-GM Integration.release.xcconfig"; sourceTree = "<group>"; };
		9DE7237C20CBDFC700D0FEE1 /* GM Integration.app */ = {isa = PBXFileReference; explicitFileType = wrapper.application; includeInIndex = 0; path = "GM Integration.app"; sourceTree = BUILT_PRODUCTS_DIR; };
		9DE7237F20CBDFC700D0FEE1 /* AppDelegate.swift */ = {isa = PBXFileReference; lastKnownFileType = sourcecode.swift; path = AppDelegate.swift; sourceTree = "<group>"; };
		9DE7238420CBDFC700D0FEE1 /* Base */ = {isa = PBXFileReference; lastKnownFileType = file.storyboard; name = Base; path = Base.lproj/Main.storyboard; sourceTree = "<group>"; };
		9DE7238720CBDFC800D0FEE1 /* GM_Integration.xcdatamodel */ = {isa = PBXFileReference; lastKnownFileType = wrapper.xcdatamodel; path = GM_Integration.xcdatamodel; sourceTree = "<group>"; };
		9DE7238920CBDFC800D0FEE1 /* Assets.xcassets */ = {isa = PBXFileReference; lastKnownFileType = folder.assetcatalog; path = Assets.xcassets; sourceTree = "<group>"; };
		9DE7238C20CBDFC800D0FEE1 /* Base */ = {isa = PBXFileReference; lastKnownFileType = file.storyboard; name = Base; path = Base.lproj/LaunchScreen.storyboard; sourceTree = "<group>"; };
		9DE7238E20CBDFC800D0FEE1 /* Info.plist */ = {isa = PBXFileReference; lastKnownFileType = text.plist.xml; path = Info.plist; sourceTree = "<group>"; };
		9DE7239820CBE0C500D0FEE1 /* MapVC.swift */ = {isa = PBXFileReference; lastKnownFileType = sourcecode.swift; path = MapVC.swift; sourceTree = "<group>"; };
		F0BA9FE96CBA9E8AF4239268 /* Pods-GM Integration.debug.xcconfig */ = {isa = PBXFileReference; includeInIndex = 1; lastKnownFileType = text.xcconfig; name = "Pods-GM Integration.debug.xcconfig"; path = "Pods/Target Support Files/Pods-GM Integration/Pods-GM Integration.debug.xcconfig"; sourceTree = "<group>"; };
/* End PBXFileReference section */

/* Begin PBXFrameworksBuildPhase section */
		9DE7237920CBDFC700D0FEE1 /* Frameworks */ = {
			isa = PBXFrameworksBuildPhase;
			buildActionMask = 2147483647;
			files = (
				07F1A1303CDCB643497B9ADD /* Pods_GM_Integration.framework in Frameworks */,
			);
			runOnlyForDeploymentPostprocessing = 0;
		};
/* End PBXFrameworksBuildPhase section */

/* Begin PBXGroup section */
		05EDE3311B14F2BA08935EFC /* Frameworks */ = {
			isa = PBXGroup;
			children = (
				072BDB68CAF430E808081579 /* Pods_GM_Integration.framework */,
			);
			name = Frameworks;
			sourceTree = "<group>";
		};
		5EE7A5153E469B50223A70F6 /* Pods */ = {
			isa = PBXGroup;
			children = (
				F0BA9FE96CBA9E8AF4239268 /* Pods-GM Integration.debug.xcconfig */,
				6C687F21462DDD2CAEA1CC80 /* Pods-GM Integration.release.xcconfig */,
			);
			name = Pods;
			sourceTree = "<group>";
		};
		9DE7237320CBDFC700D0FEE1 = {
			isa = PBXGroup;
			children = (
				9DE7237E20CBDFC700D0FEE1 /* GM Integration */,
				9DE7237D20CBDFC700D0FEE1 /* Products */,
				5EE7A5153E469B50223A70F6 /* Pods */,
				05EDE3311B14F2BA08935EFC /* Frameworks */,
			);
			sourceTree = "<group>";
		};
		9DE7237D20CBDFC700D0FEE1 /* Products */ = {
			isa = PBXGroup;
			children = (
				9DE7237C20CBDFC700D0FEE1 /* GM Integration.app */,
			);
			name = Products;
			sourceTree = "<group>";
		};
		9DE7237E20CBDFC700D0FEE1 /* GM Integration */ = {
			isa = PBXGroup;
			children = (
				9DE7237F20CBDFC700D0FEE1 /* AppDelegate.swift */,
				9DE7238320CBDFC700D0FEE1 /* Main.storyboard */,
				9DE7238920CBDFC800D0FEE1 /* Assets.xcassets */,
				9DE7238B20CBDFC800D0FEE1 /* LaunchScreen.storyboard */,
				9DE7238E20CBDFC800D0FEE1 /* Info.plist */,
				9DE7238620CBDFC700D0FEE1 /* GM_Integration.xcdatamodeld */,
				9DE7239820CBE0C500D0FEE1 /* MapVC.swift */,
			);
			path = "GM Integration";
			sourceTree = "<group>";
		};
/* End PBXGroup section */

/* Begin PBXNativeTarget section */
		9DE7237B20CBDFC700D0FEE1 /* GM Integration */ = {
			isa = PBXNativeTarget;
			buildConfigurationList = 9DE7239120CBDFC800D0FEE1 /* Build configuration list for PBXNativeTarget "GM Integration" */;
			buildPhases = (
				96D963DB2407D9B5CD0B1CBB /* [CP] Check Pods Manifest.lock */,
				9DE7237820CBDFC700D0FEE1 /* Sources */,
				9DE7237920CBDFC700D0FEE1 /* Frameworks */,
				9DE7237A20CBDFC700D0FEE1 /* Resources */,
				9DE7239720CBE0AC00D0FEE1 /* Embed Frameworks */,
				8B24F289763E7D5F31C73919 /* [CP] Copy Pods Resources */,
			);
			buildRules = (
			);
			dependencies = (
			);
			name = "GM Integration";
			productName = "GM Integration";
			productReference = 9DE7237C20CBDFC700D0FEE1 /* GM Integration.app */;
			productType = "com.apple.product-type.application";
		};
/* End PBXNativeTarget section */

/* Begin PBXProject section */
		9DE7237420CBDFC700D0FEE1 /* Project object */ = {
			isa = PBXProject;
			attributes = {
				LastSwiftUpdateCheck = 0920;
				LastUpgradeCheck = 0920;
				ORGANIZATIONNAME = "Shafeer Puthalan";
				TargetAttributes = {
					9DE7237B20CBDFC700D0FEE1 = {
						CreatedOnToolsVersion = 9.2;
						ProvisioningStyle = Automatic;
					};
				};
			};
			buildConfigurationList = 9DE7237720CBDFC700D0FEE1 /* Build configuration list for PBXProject "GM Integration" */;
			compatibilityVersion = "Xcode 8.0";
			developmentRegion = en;
			hasScannedForEncodings = 0;
			knownRegions = (
				en,
				Base,
			);
			mainGroup = 9DE7237320CBDFC700D0FEE1;
			productRefGroup = 9DE7237D20CBDFC700D0FEE1 /* Products */;
			projectDirPath = "";
			projectRoot = "";
			targets = (
				9DE7237B20CBDFC700D0FEE1 /* GM Integration */,
			);
		};
/* End PBXProject section */

/* Begin PBXResourcesBuildPhase section */
		9DE7237A20CBDFC700D0FEE1 /* Resources */ = {
			isa = PBXResourcesBuildPhase;
			buildActionMask = 2147483647;
			files = (
				9DE7238D20CBDFC800D0FEE1 /* LaunchScreen.storyboard in Resources */,
				9DE7238A20CBDFC800D0FEE1 /* Assets.xcassets in Resources */,
				9DE7238520CBDFC700D0FEE1 /* Main.storyboard in Resources */,
			);
			runOnlyForDeploymentPostprocessing = 0;
		};
/* End PBXResourcesBuildPhase section */

/* Begin PBXShellScriptBuildPhase section */
		8B24F289763E7D5F31C73919 /* [CP] Copy Pods Resources */ = {
			isa = PBXShellScriptBuildPhase;
			buildActionMask = 2147483647;
			files = (
			);
			inputPaths = (
				"${SRCROOT}/Pods/Target Support Files/Pods-GM Integration/Pods-GM Integration-resources.sh",
				"${PODS_ROOT}/GoogleMaps/Maps/Frameworks/GoogleMaps.framework/Resources/GoogleMaps.bundle",
				"${PODS_ROOT}/GooglePlaces/Frameworks/GooglePlaces.framework/Resources/GooglePlaces.bundle",
			);
			name = "[CP] Copy Pods Resources";
			outputPaths = (
				"${TARGET_BUILD_DIR}/${UNLOCALIZED_RESOURCES_FOLDER_PATH}/GoogleMaps.bundle",
				"${TARGET_BUILD_DIR}/${UNLOCALIZED_RESOURCES_FOLDER_PATH}/GooglePlaces.bundle",
			);
			runOnlyForDeploymentPostprocessing = 0;
			shellPath = /bin/sh;
			shellScript = "\"${SRCROOT}/Pods/Target Support Files/Pods-GM Integration/Pods-GM Integration-resources.sh\"\n";
			showEnvVarsInLog = 0;
		};
		96D963DB2407D9B5CD0B1CBB /* [CP] Check Pods Manifest.lock */ = {
			isa = PBXShellScriptBuildPhase;
			buildActionMask = 2147483647;
			files = (
			);
			inputPaths = (
				"${PODS_PODFILE_DIR_PATH}/Podfile.lock",
				"${PODS_ROOT}/Manifest.lock",
			);
			name = "[CP] Check Pods Manifest.lock";
			outputPaths = (
				"$(DERIVED_FILE_DIR)/Pods-GM Integration-checkManifestLockResult.txt",
			);
			runOnlyForDeploymentPostprocessing = 0;
			shellPath = /bin/sh;
			shellScript = "diff \"${PODS_PODFILE_DIR_PATH}/Podfile.lock\" \"${PODS_ROOT}/Manifest.lock\" > /dev/null\nif [ $? != 0 ] ; then\n    # print error to STDERR\n    echo \"error: The sandbox is not in sync with the Podfile.lock. Run 'pod install' or update your CocoaPods installation.\" >&2\n    exit 1\nfi\n# This output is used by Xcode 'outputs' to avoid re-running this script phase.\necho \"SUCCESS\" > \"${SCRIPT_OUTPUT_FILE_0}\"\n";
			showEnvVarsInLog = 0;
		};
/* End PBXShellScriptBuildPhase section */

/* Begin PBXSourcesBuildPhase section */
		9DE7237820CBDFC700D0FEE1 /* Sources */ = {
			isa = PBXSourcesBuildPhase;
			buildActionMask = 2147483647;
			files = (
				9DE7238020CBDFC700D0FEE1 /* AppDelegate.swift in Sources */,
				9DE7239920CBE0C500D0FEE1 /* MapVC.swift in Sources */,
				9DE7238820CBDFC800D0FEE1 /* GM_Integration.xcdatamodeld in Sources */,
			);
			runOnlyForDeploymentPostprocessing = 0;
		};
/* End PBXSourcesBuildPhase section */

/* Begin PBXVariantGroup section */
		9DE7238320CBDFC700D0FEE1 /* Main.storyboard */ = {
			isa = PBXVariantGroup;
			children = (
				9DE7238420CBDFC700D0FEE1 /* Base */,
			);
			name = Main.storyboard;
			sourceTree = "<group>";
		};
		9DE7238B20CBDFC800D0FEE1 /* LaunchScreen.storyboard */ = {
			isa = PBXVariantGroup;
			children = (
				9DE7238C20CBDFC800D0FEE1 /* Base */,
			);
			name = LaunchScreen.storyboard;
			sourceTree = "<group>";
		};
/* End PBXVariantGroup section */

/* Begin XCBuildConfiguration section */
		9DE7238F20CBDFC800D0FEE1 /* Debug */ = {
			isa = XCBuildConfiguration;
			buildSettings = {
				ALWAYS_SEARCH_USER_PATHS = NO;
				CLANG_ANALYZER_NONNULL = YES;
				CLANG_ANALYZER_NUMBER_OBJECT_CONVERSION = YES_AGGRESSIVE;
				CLANG_CXX_LANGUAGE_STANDARD = "gnu++14";
				CLANG_CXX_LIBRARY = "libc++";
				CLANG_ENABLE_MODULES = YES;
				CLANG_ENABLE_OBJC_ARC = YES;
				CLANG_WARN_BLOCK_CAPTURE_AUTORELEASING = YES;
				CLANG_WARN_BOOL_CONVERSION = YES;
				CLANG_WARN_COMMA = YES;
				CLANG_WARN_CONSTANT_CONVERSION = YES;
				CLANG_WARN_DIRECT_OBJC_ISA_USAGE = YES_ERROR;
				CLANG_WARN_DOCUMENTATION_COMMENTS = YES;
				CLANG_WARN_EMPTY_BODY = YES;
				CLANG_WARN_ENUM_CONVERSION = YES;
				CLANG_WARN_INFINITE_RECURSION = YES;
				CLANG_WARN_INT_CONVERSION = YES;
				CLANG_WARN_NON_LITERAL_NULL_CONVERSION = YES;
				CLANG_WARN_OBJC_LITERAL_CONVERSION = YES;
				CLANG_WARN_OBJC_ROOT_CLASS = YES_ERROR;
				CLANG_WARN_RANGE_LOOP_ANALYSIS = YES;
				CLANG_WARN_STRICT_PROTOTYPES = YES;
				CLANG_WARN_SUSPICIOUS_MOVE = YES;
				CLANG_WARN_UNGUARDED_AVAILABILITY = YES_AGGRESSIVE;
				CLANG_WARN_UNREACHABLE_CODE = YES;
				CLANG_WARN__DUPLICATE_METHOD_MATCH = YES;
				CODE_SIGN_IDENTITY = "iPhone Developer";
				COPY_PHASE_STRIP = NO;
				DEBUG_INFORMATION_FORMAT = dwarf;
				ENABLE_STRICT_OBJC_MSGSEND = YES;
				ENABLE_TESTABILITY = YES;
				GCC_C_LANGUAGE_STANDARD = gnu11;
				GCC_DYNAMIC_NO_PIC = NO;
				GCC_NO_COMMON_BLOCKS = YES;
				GCC_OPTIMIZATION_LEVEL = 0;
				GCC_PREPROCESSOR_DEFINITIONS = (
					"DEBUG=1",
					"$(inherited)",
				);
				GCC_WARN_64_TO_32_BIT_CONVERSION = YES;
				GCC_WARN_ABOUT_RETURN_TYPE = YES_ERROR;
				GCC_WARN_UNDECLARED_SELECTOR = YES;
				GCC_WARN_UNINITIALIZED_AUTOS = YES_AGGRESSIVE;
				GCC_WARN_UNUSED_FUNCTION = YES;
				GCC_WARN_UNUSED_VARIABLE = YES;
				IPHONEOS_DEPLOYMENT_TARGET = 11.2;
				MTL_ENABLE_DEBUG_INFO = YES;
				ONLY_ACTIVE_ARCH = YES;
				SDKROOT = iphoneos;
				SWIFT_ACTIVE_COMPILATION_CONDITIONS = DEBUG;
				SWIFT_OPTIMIZATION_LEVEL = "-Onone";
			};
			name = Debug;
		};
		9DE7239020CBDFC800D0FEE1 /* Release */ = {
			isa = XCBuildConfiguration;
			buildSettings = {
				ALWAYS_SEARCH_USER_PATHS = NO;
				CLANG_ANALYZER_NONNULL = YES;
				CLANG_ANALYZER_NUMBER_OBJECT_CONVERSION = YES_AGGRESSIVE;
				CLANG_CXX_LANGUAGE_STANDARD = "gnu++14";
				CLANG_CXX_LIBRARY = "libc++";
				CLANG_ENABLE_MODULES = YES;
				CLANG_ENABLE_OBJC_ARC = YES;
				CLANG_WARN_BLOCK_CAPTURE_AUTORELEASING = YES;
				CLANG_WARN_BOOL_CONVERSION = YES;
				CLANG_WARN_COMMA = YES;
				CLANG_WARN_CONSTANT_CONVERSION = YES;
				CLANG_WARN_DIRECT_OBJC_ISA_USAGE = YES_ERROR;
				CLANG_WARN_DOCUMENTATION_COMMENTS = YES;
				CLANG_WARN_EMPTY_BODY = YES;
				CLANG_WARN_ENUM_CONVERSION = YES;
				CLANG_WARN_INFINITE_RECURSION = YES;
				CLANG_WARN_INT_CONVERSION = YES;
				CLANG_WARN_NON_LITERAL_NULL_CONVERSION = YES;
				CLANG_WARN_OBJC_LITERAL_CONVERSION = YES;
				CLANG_WARN_OBJC_ROOT_CLASS = YES_ERROR;
				CLANG_WARN_RANGE_LOOP_ANALYSIS = YES;
				CLANG_WARN_STRICT_PROTOTYPES = YES;
				CLANG_WARN_SUSPICIOUS_MOVE = YES;
				CLANG_WARN_UNGUARDED_AVAILABILITY = YES_AGGRESSIVE;
				CLANG_WARN_UNREACHABLE_CODE = YES;
				CLANG_WARN__DUPLICATE_METHOD_MATCH = YES;
				CODE_SIGN_IDENTITY = "iPhone Developer";
				COPY_PHASE_STRIP = NO;
				DEBUG_INFORMATION_FORMAT = "dwarf-with-dsym";
				ENABLE_NS_ASSERTIONS = NO;
				ENABLE_STRICT_OBJC_MSGSEND = YES;
				GCC_C_LANGUAGE_STANDARD = gnu11;
				GCC_NO_COMMON_BLOCKS = YES;
				GCC_WARN_64_TO_32_BIT_CONVERSION = YES;
				GCC_WARN_ABOUT_RETURN_TYPE = YES_ERROR;
				GCC_WARN_UNDECLARED_SELECTOR = YES;
				GCC_WARN_UNINITIALIZED_AUTOS = YES_AGGRESSIVE;
				GCC_WARN_UNUSED_FUNCTION = YES;
				GCC_WARN_UNUSED_VARIABLE = YES;
				IPHONEOS_DEPLOYMENT_TARGET = 11.2;
				MTL_ENABLE_DEBUG_INFO = NO;
				SDKROOT = iphoneos;
				SWIFT_OPTIMIZATION_LEVEL = "-Owholemodule";
				VALIDATE_PRODUCT = YES;
			};
			name = Release;
		};
		9DE7239220CBDFC800D0FEE1 /* Debug */ = {
			isa = XCBuildConfiguration;
			baseConfigurationReference = F0BA9FE96CBA9E8AF4239268 /* Pods-GM Integration.debug.xcconfig */;
			buildSettings = {
				ASSETCATALOG_COMPILER_APPICON_NAME = AppIcon;
				CODE_SIGN_STYLE = Automatic;
				FRAMEWORK_SEARCH_PATHS = (
					"$(inherited)",
					"$(PROJECT_DIR)",
				);
				INFOPLIST_FILE = "GM Integration/Info.plist";
				LD_RUNPATH_SEARCH_PATHS = "$(inherited) @executable_path/Frameworks";
				PRODUCT_BUNDLE_IDENTIFIER = "shafeer.GM-Integration";
				PRODUCT_NAME = "$(TARGET_NAME)";
				SWIFT_VERSION = 4.0;
				TARGETED_DEVICE_FAMILY = "1,2";
			};
			name = Debug;
		};
		9DE7239320CBDFC800D0FEE1 /* Release */ = {
			isa = XCBuildConfiguration;
			baseConfigurationReference = 6C687F21462DDD2CAEA1CC80 /* Pods-GM Integration.release.xcconfig */;
			buildSettings = {
				ASSETCATALOG_COMPILER_APPICON_NAME = AppIcon;
				CODE_SIGN_STYLE = Automatic;
				FRAMEWORK_SEARCH_PATHS = (
					"$(inherited)",
					"$(PROJECT_DIR)",
				);
				INFOPLIST_FILE = "GM Integration/Info.plist";
				LD_RUNPATH_SEARCH_PATHS = "$(inherited) @executable_path/Frameworks";
				PRODUCT_BUNDLE_IDENTIFIER = "shafeer.GM-Integration";
				PRODUCT_NAME = "$(TARGET_NAME)";
				SWIFT_VERSION = 4.0;
				TARGETED_DEVICE_FAMILY = "1,2";
			};
			name = Release;
		};
/* End XCBuildConfiguration section */

/* Begin XCConfigurationList section */
		9DE7237720CBDFC700D0FEE1 /* Build configuration list for PBXProject "GM Integration" */ = {
			isa = XCConfigurationList;
			buildConfigurations = (
				9DE7238F20CBDFC800D0FEE1 /* Debug */,
				9DE7239020CBDFC800D0FEE1 /* Release */,
			);
			defaultConfigurationIsVisible = 0;
			defaultConfigurationName = Release;
		};
		9DE7239120CBDFC800D0FEE1 /* Build configuration list for PBXNativeTarget "GM Integration" */ = {
			isa = XCConfigurationList;
			buildConfigurations = (
				9DE7239220CBDFC800D0FEE1 /* Debug */,
				9DE7239320CBDFC800D0FEE1 /* Release */,
			);
			defaultConfigurationIsVisible = 0;
			defaultConfigurationName = Release;
		};
/* End XCConfigurationList section */

/* Begin XCVersionGroup section */
		9DE7238620CBDFC700D0FEE1 /* GM_Integration.xcdatamodeld */ = {
			isa = XCVersionGroup;
			children = (
				9DE7238720CBDFC800D0FEE1 /* GM_Integration.xcdatamodel */,
			);
			currentVersion = 9DE7238720CBDFC800D0FEE1 /* GM_Integration.xcdatamodel */;
			path = GM_Integration.xcdatamodeld;
			sourceTree = "<group>";
			versionGroupType = wrapper.xcdatamodel;
		};
/* End XCVersionGroup section */
	};
	rootObject = 9DE7237420CBDFC700D0FEE1 /* Project object */;
}
